<Solution>
  <Project Path="Etcd.Configuration.AspireAppHost/Etcd.Configuration.AspireAppHost.csproj" Id="6c7434b9-7323-46ad-a603-88f941c74029" />
  <Project Path="Etcd.Configuration.AspireTest/Etcd.Configuration.AspireTest.csproj" Id="85ee27c9-05f9-45af-92b3-20fb992fc7b2" />
  <Project Path="Etcd.Configuration.TestWeb/Etcd.Configuration.TestWeb.csproj" />
  <Project Path="Etcd.Configuration/Etcd.Configuration.csproj" />
</Solution>
